
Microsoft Visual Studio Solution File, Format Version 12.00
# Visual Studio Version 16
VisualStudioVersion = 16.6.30114.105
MinimumVisualStudioVersion = 10.0.40219.1
Project("{FAE04EC0-301F-11D3-BF4B-00C04F79EFBC}") = "R5T.D0103.A001", "R5T.D0103.A001\R5T.D0103.A001.csproj", "{A79F914B-F209-42FD-83FC-9BB0AE08274F}"
EndProject
Project("{FAE04EC0-301F-11D3-BF4B-00C04F79EFBC}") = "R5T.D0103.I001", "R5T.D0103.I001\R5T.D0103.I001.csproj", "{513414C0-C87B-4354-AA3A-C4D9A49F2716}"
EndProject
Project("{FAE04EC0-301F-11D3-BF4B-00C04F79EFBC}") = "R5T.D0103.Base", "R5T.D0103.Base\R5T.D0103.Base.csproj", "{3C8A2EC7-4301-4B2F-934C-FB791A29A0A3}"
EndProject
Project("{2150E333-8FDC-42A3-9474-1A3956D46DE8}") = "_Dependencies", "_Dependencies", "{7620DE98-CD6B-4401-91E3-C25EEAEE938B}"
EndProject
Project("{FAE04EC0-301F-11D3-BF4B-00C04F79EFBC}") = "R5T.Dacia.Extensions", "..\..\R5T.Dacia.Extensions\source\R5T.Dacia.Extensions\R5T.Dacia.Extensions.csproj", "{9E1DF4D6-099D-4CD8-AD37-97F855C963F8}"
EndProject
Project("{FAE04EC0-301F-11D3-BF4B-00C04F79EFBC}") = "R5T.Dacia.T002", "..\..\R5T.Dacia\source\R5T.Dacia.T002\R5T.Dacia.T002.csproj", "{C8C16480-28A3-4C1B-9482-A4DF70D4F370}"
EndProject
Global
	GlobalSection(SolutionConfigurationPlatforms) = preSolution
		Debug|Any CPU = Debug|Any CPU
		Debug|x64 = Debug|x64
		Debug|x86 = Debug|x86
		Release|Any CPU = Release|Any CPU
		Release|x64 = Release|x64
		Release|x86 = Release|x86
	EndGlobalSection
	GlobalSection(SolutionProperties) = preSolution
		HideSolutionNode = FALSE
	EndGlobalSection
	GlobalSection(ProjectConfigurationPlatforms) = postSolution
		{A79F914B-F209-42FD-83FC-9BB0AE08274F}.Debug|Any CPU.ActiveCfg = Debug|Any CPU
		{A79F914B-F209-42FD-83FC-9BB0AE08274F}.Debug|Any CPU.Build.0 = Debug|Any CPU
		{A79F914B-F209-42FD-83FC-9BB0AE08274F}.Debug|x64.ActiveCfg = Debug|Any CPU
		{A79F914B-F209-42FD-83FC-9BB0AE08274F}.Debug|x64.Build.0 = Debug|Any CPU
		{A79F914B-F209-42FD-83FC-9BB0AE08274F}.Debug|x86.ActiveCfg = Debug|Any CPU
		{A79F914B-F209-42FD-83FC-9BB0AE08274F}.Debug|x86.Build.0 = Debug|Any CPU
		{A79F914B-F209-42FD-83FC-9BB0AE08274F}.Release|Any CPU.ActiveCfg = Release|Any CPU
		{A79F914B-F209-42FD-83FC-9BB0AE08274F}.Release|Any CPU.Build.0 = Release|Any CPU
		{A79F914B-F209-42FD-83FC-9BB0AE08274F}.Release|x64.ActiveCfg = Release|Any CPU
		{A79F914B-F209-42FD-83FC-9BB0AE08274F}.Release|x64.Build.0 = Release|Any CPU
		{A79F914B-F209-42FD-83FC-9BB0AE08274F}.Release|x86.ActiveCfg = Release|Any CPU
		{A79F914B-F209-42FD-83FC-9BB0AE08274F}.Release|x86.Build.0 = Release|Any CPU
		{513414C0-C87B-4354-AA3A-C4D9A49F2716}.Debug|Any CPU.ActiveCfg = Debug|Any CPU
		{513414C0-C87B-4354-AA3A-C4D9A49F2716}.Debug|Any CPU.Build.0 = Debug|Any CPU
		{513414C0-C87B-4354-AA3A-C4D9A49F2716}.Debug|x64.ActiveCfg = Debug|Any CPU
		{513414C0-C87B-4354-AA3A-C4D9A49F2716}.Debug|x64.Build.0 = Debug|Any CPU
		{513414C0-C87B-4354-AA3A-C4D9A49F2716}.Debug|x86.ActiveCfg = Debug|Any CPU
		{513414C0-C87B-4354-AA3A-C4D9A49F2716}.Debug|x86.Build.0 = Debug|Any CPU
		{513414C0-C87B-4354-AA3A-C4D9A49F2716}.Release|Any CPU.ActiveCfg = Release|Any CPU
		{513414C0-C87B-4354-AA3A-C4D9A49F2716}.Release|Any CPU.Build.0 = Release|Any CPU
		{513414C0-C87B-4354-AA3A-C4D9A49F2716}.Release|x64.ActiveCfg = Release|Any CPU
		{513414C0-C87B-4354-AA3A-C4D9A49F2716}.Release|x64.Build.0 = Release|Any CPU
		{513414C0-C87B-4354-AA3A-C4D9A49F2716}.Release|x86.ActiveCfg = Release|Any CPU
		{513414C0-C87B-4354-AA3A-C4D9A49F2716}.Release|x86.Build.0 = Release|Any CPU
		{3C8A2EC7-4301-4B2F-934C-FB791A29A0A3}.Debug|Any CPU.ActiveCfg = Debug|Any CPU
		{3C8A2EC7-4301-4B2F-934C-FB791A29A0A3}.Debug|Any CPU.Build.0 = Debug|Any CPU
		{3C8A2EC7-4301-4B2F-934C-FB791A29A0A3}.Debug|x64.ActiveCfg = Debug|Any CPU
		{3C8A2EC7-4301-4B2F-934C-FB791A29A0A3}.Debug|x64.Build.0 = Debug|Any CPU
		{3C8A2EC7-4301-4B2F-934C-FB791A29A0A3}.Debug|x86.ActiveCfg = Debug|Any CPU
		{3C8A2EC7-4301-4B2F-934C-FB791A29A0A3}.Debug|x86.Build.0 = Debug|Any CPU
		{3C8A2EC7-4301-4B2F-934C-FB791A29A0A3}.Release|Any CPU.ActiveCfg = Release|Any CPU
		{3C8A2EC7-4301-4B2F-934C-FB791A29A0A3}.Release|Any CPU.Build.0 = Release|Any CPU
		{3C8A2EC7-4301-4B2F-934C-FB791A29A0A3}.Release|x64.ActiveCfg = Release|Any CPU
		{3C8A2EC7-4301-4B2F-934C-FB791A29A0A3}.Release|x64.Build.0 = Release|Any CPU
		{3C8A2EC7-4301-4B2F-934C-FB791A29A0A3}.Release|x86.ActiveCfg = Release|Any CPU
		{3C8A2EC7-4301-4B2F-934C-FB791A29A0A3}.Release|x86.Build.0 = Release|Any CPU
		{9E1DF4D6-099D-4CD8-AD37-97F855C963F8}.Debug|Any CPU.ActiveCfg = Debug|Any CPU
		{9E1DF4D6-099D-4CD8-AD37-97F855C963F8}.Debug|Any CPU.Build.0 = Debug|Any CPU
		{9E1DF4D6-099D-4CD8-AD37-97F855C963F8}.Debug|x64.ActiveCfg = Debug|Any CPU
		{9E1DF4D6-099D-4CD8-AD37-97F855C963F8}.Debug|x64.Build.0 = Debug|Any CPU
		{9E1DF4D6-099D-4CD8-AD37-97F855C963F8}.Debug|x86.ActiveCfg = Debug|Any CPU
		{9E1DF4D6-099D-4CD8-AD37-97F855C963F8}.Debug|x86.Build.0 = Debug|Any CPU
		{9E1DF4D6-099D-4CD8-AD37-97F855C963F8}.Release|Any CPU.ActiveCfg = Release|Any CPU
		{9E1DF4D6-099D-4CD8-AD37-97F855C963F8}.Release|Any CPU.Build.0 = Release|Any CPU
		{9E1DF4D6-099D-4CD8-AD37-97F855C963F8}.Release|x64.ActiveCfg = Release|Any CPU
		{9E1DF4D6-099D-4CD8-AD37-97F855C963F8}.Release|x64.Build.0 = Release|Any CPU
		{9E1DF4D6-099D-4CD8-AD37-97F855C963F8}.Release|x86.ActiveCfg = Release|Any CPU
		{9E1DF4D6-099D-4CD8-AD37-97F855C963F8}.Release|x86.Build.0 = Release|Any CPU
		{C8C16480-28A3-4C1B-9482-A4DF70D4F370}.Debug|Any CPU.ActiveCfg = Debug|Any CPU
		{C8C16480-28A3-4C1B-9482-A4DF70D4F370}.Debug|Any CPU.Build.0 = Debug|Any CPU
		{C8C16480-28A3-4C1B-9482-A4DF70D4F370}.Debug|x64.ActiveCfg = Debug|Any CPU
		{C8C16480-28A3-4C1B-9482-A4DF70D4F370}.Debug|x64.Build.0 = Debug|Any CPU
		{C8C16480-28A3-4C1B-9482-A4DF70D4F370}.Debug|x86.ActiveCfg = Debug|Any CPU
		{C8C16480-28A3-4C1B-9482-A4DF70D4F370}.Debug|x86.Build.0 = Debug|Any CPU
		{C8C16480-28A3-4C1B-9482-A4DF70D4F370}.Release|Any CPU.ActiveCfg = Release|Any CPU
		{C8C16480-28A3-4C1B-9482-A4DF70D4F370}.Release|Any CPU.Build.0 = Release|Any CPU
		{C8C16480-28A3-4C1B-9482-A4DF70D4F370}.Release|x64.ActiveCfg = Release|Any CPU
		{C8C16480-28A3-4C1B-9482-A4DF70D4F370}.Release|x64.Build.0 = Release|Any CPU
		{C8C16480-28A3-4C1B-9482-A4DF70D4F370}.Release|x86.ActiveCfg = Release|Any CPU
		{C8C16480-28A3-4C1B-9482-A4DF70D4F370}.Release|x86.Build.0 = Release|Any CPU
	EndGlobalSection
	GlobalSection(NestedProjects) = preSolution
		{9E1DF4D6-099D-4CD8-AD37-97F855C963F8} = {7620DE98-CD6B-4401-91E3-C25EEAEE938B}
		{C8C16480-28A3-4C1B-9482-A4DF70D4F370} = {7620DE98-CD6B-4401-91E3-C25EEAEE938B}
	EndGlobalSection
EndGlobal
