
Microsoft Visual Studio Solution File, Format Version 12.00
# Visual Studio Version 16
VisualStudioVersion = 16.6.30114.105
MinimumVisualStudioVersion = 10.0.40219.1
Project("{9A19103F-16F7-4668-BE54-9A1E7A4F7556}") = "R5T.D0103.Base", "R5T.D0103.Base\R5T.D0103.Base.csproj", "{0E4D71D0-8BAB-4585-B07C-938AA558E62B}"
EndProject
Project("{2150E333-8FDC-42A3-9474-1A3956D46DE8}") = "_Dependencies", "_Dependencies", "{A8A24A6F-5BCA-4E8E-B40D-5A098215357D}"
EndProject
Project("{9A19103F-16F7-4668-BE54-9A1E7A4F7556}") = "R5T.D0103.I001", "R5T.D0103.I001\R5T.D0103.I001.csproj", "{4FDD4E30-7D67-4CCA-8F9C-FC4821A39CF1}"
EndProject
Project("{9A19103F-16F7-4668-BE54-9A1E7A4F7556}") = "R5T.T0064", "..\..\R5T.T0064\source\R5T.T0064\R5T.T0064.csproj", "{42B1C359-BBE9-4B65-91F4-498A4795290D}"
EndProject
Project("{9A19103F-16F7-4668-BE54-9A1E7A4F7556}") = "R5T.T0062.X001", "..\..\R5T.T0062\source\R5T.T0062.X001\R5T.T0062.X001.csproj", "{01E3F85F-F3ED-49F4-BD82-25BC1982ECBD}"
EndProject
Project("{9A19103F-16F7-4668-BE54-9A1E7A4F7556}") = "R5T.Magyar", "..\..\R5T.Magyar\source\R5T.Magyar\R5T.Magyar.csproj", "{8F81C22D-2854-4CCF-95A9-7081F912E183}"
EndProject
Global
	GlobalSection(SolutionConfigurationPlatforms) = preSolution
		Debug|Any CPU = Debug|Any CPU
		Debug|x64 = Debug|x64
		Debug|x86 = Debug|x86
		Release|Any CPU = Release|Any CPU
		Release|x64 = Release|x64
		Release|x86 = Release|x86
	EndGlobalSection
	GlobalSection(ProjectConfigurationPlatforms) = postSolution
		{0E4D71D0-8BAB-4585-B07C-938AA558E62B}.Debug|Any CPU.ActiveCfg = Debug|Any CPU
		{0E4D71D0-8BAB-4585-B07C-938AA558E62B}.Debug|Any CPU.Build.0 = Debug|Any CPU
		{0E4D71D0-8BAB-4585-B07C-938AA558E62B}.Debug|x64.ActiveCfg = Debug|Any CPU
		{0E4D71D0-8BAB-4585-B07C-938AA558E62B}.Debug|x64.Build.0 = Debug|Any CPU
		{0E4D71D0-8BAB-4585-B07C-938AA558E62B}.Debug|x86.ActiveCfg = Debug|Any CPU
		{0E4D71D0-8BAB-4585-B07C-938AA558E62B}.Debug|x86.Build.0 = Debug|Any CPU
		{0E4D71D0-8BAB-4585-B07C-938AA558E62B}.Release|Any CPU.ActiveCfg = Release|Any CPU
		{0E4D71D0-8BAB-4585-B07C-938AA558E62B}.Release|Any CPU.Build.0 = Release|Any CPU
		{0E4D71D0-8BAB-4585-B07C-938AA558E62B}.Release|x64.ActiveCfg = Release|Any CPU
		{0E4D71D0-8BAB-4585-B07C-938AA558E62B}.Release|x64.Build.0 = Release|Any CPU
		{0E4D71D0-8BAB-4585-B07C-938AA558E62B}.Release|x86.ActiveCfg = Release|Any CPU
		{0E4D71D0-8BAB-4585-B07C-938AA558E62B}.Release|x86.Build.0 = Release|Any CPU
		{4FDD4E30-7D67-4CCA-8F9C-FC4821A39CF1}.Debug|Any CPU.ActiveCfg = Debug|Any CPU
		{4FDD4E30-7D67-4CCA-8F9C-FC4821A39CF1}.Debug|Any CPU.Build.0 = Debug|Any CPU
		{4FDD4E30-7D67-4CCA-8F9C-FC4821A39CF1}.Debug|x64.ActiveCfg = Debug|Any CPU
		{4FDD4E30-7D67-4CCA-8F9C-FC4821A39CF1}.Debug|x64.Build.0 = Debug|Any CPU
		{4FDD4E30-7D67-4CCA-8F9C-FC4821A39CF1}.Debug|x86.ActiveCfg = Debug|Any CPU
		{4FDD4E30-7D67-4CCA-8F9C-FC4821A39CF1}.Debug|x86.Build.0 = Debug|Any CPU
		{4FDD4E30-7D67-4CCA-8F9C-FC4821A39CF1}.Release|Any CPU.ActiveCfg = Release|Any CPU
		{4FDD4E30-7D67-4CCA-8F9C-FC4821A39CF1}.Release|Any CPU.Build.0 = Release|Any CPU
		{4FDD4E30-7D67-4CCA-8F9C-FC4821A39CF1}.Release|x64.ActiveCfg = Release|Any CPU
		{4FDD4E30-7D67-4CCA-8F9C-FC4821A39CF1}.Release|x64.Build.0 = Release|Any CPU
		{4FDD4E30-7D67-4CCA-8F9C-FC4821A39CF1}.Release|x86.ActiveCfg = Release|Any CPU
		{4FDD4E30-7D67-4CCA-8F9C-FC4821A39CF1}.Release|x86.Build.0 = Release|Any CPU
		{42B1C359-BBE9-4B65-91F4-498A4795290D}.Debug|Any CPU.ActiveCfg = Debug|Any CPU
		{42B1C359-BBE9-4B65-91F4-498A4795290D}.Debug|Any CPU.Build.0 = Debug|Any CPU
		{42B1C359-BBE9-4B65-91F4-498A4795290D}.Debug|x64.ActiveCfg = Debug|Any CPU
		{42B1C359-BBE9-4B65-91F4-498A4795290D}.Debug|x64.Build.0 = Debug|Any CPU
		{42B1C359-BBE9-4B65-91F4-498A4795290D}.Debug|x86.ActiveCfg = Debug|Any CPU
		{42B1C359-BBE9-4B65-91F4-498A4795290D}.Debug|x86.Build.0 = Debug|Any CPU
		{42B1C359-BBE9-4B65-91F4-498A4795290D}.Release|Any CPU.ActiveCfg = Release|Any CPU
		{42B1C359-BBE9-4B65-91F4-498A4795290D}.Release|Any CPU.Build.0 = Release|Any CPU
		{42B1C359-BBE9-4B65-91F4-498A4795290D}.Release|x64.ActiveCfg = Release|Any CPU
		{42B1C359-BBE9-4B65-91F4-498A4795290D}.Release|x64.Build.0 = Release|Any CPU
		{42B1C359-BBE9-4B65-91F4-498A4795290D}.Release|x86.ActiveCfg = Release|Any CPU
		{42B1C359-BBE9-4B65-91F4-498A4795290D}.Release|x86.Build.0 = Release|Any CPU
		{01E3F85F-F3ED-49F4-BD82-25BC1982ECBD}.Debug|Any CPU.ActiveCfg = Debug|Any CPU
		{01E3F85F-F3ED-49F4-BD82-25BC1982ECBD}.Debug|Any CPU.Build.0 = Debug|Any CPU
		{01E3F85F-F3ED-49F4-BD82-25BC1982ECBD}.Debug|x64.ActiveCfg = Debug|Any CPU
		{01E3F85F-F3ED-49F4-BD82-25BC1982ECBD}.Debug|x64.Build.0 = Debug|Any CPU
		{01E3F85F-F3ED-49F4-BD82-25BC1982ECBD}.Debug|x86.ActiveCfg = Debug|Any CPU
		{01E3F85F-F3ED-49F4-BD82-25BC1982ECBD}.Debug|x86.Build.0 = Debug|Any CPU
		{01E3F85F-F3ED-49F4-BD82-25BC1982ECBD}.Release|Any CPU.ActiveCfg = Release|Any CPU
		{01E3F85F-F3ED-49F4-BD82-25BC1982ECBD}.Release|Any CPU.Build.0 = Release|Any CPU
		{01E3F85F-F3ED-49F4-BD82-25BC1982ECBD}.Release|x64.ActiveCfg = Release|Any CPU
		{01E3F85F-F3ED-49F4-BD82-25BC1982ECBD}.Release|x64.Build.0 = Release|Any CPU
		{01E3F85F-F3ED-49F4-BD82-25BC1982ECBD}.Release|x86.ActiveCfg = Release|Any CPU
		{01E3F85F-F3ED-49F4-BD82-25BC1982ECBD}.Release|x86.Build.0 = Release|Any CPU
		{8F81C22D-2854-4CCF-95A9-7081F912E183}.Debug|Any CPU.ActiveCfg = Debug|Any CPU
		{8F81C22D-2854-4CCF-95A9-7081F912E183}.Debug|Any CPU.Build.0 = Debug|Any CPU
		{8F81C22D-2854-4CCF-95A9-7081F912E183}.Debug|x64.ActiveCfg = Debug|Any CPU
		{8F81C22D-2854-4CCF-95A9-7081F912E183}.Debug|x64.Build.0 = Debug|Any CPU
		{8F81C22D-2854-4CCF-95A9-7081F912E183}.Debug|x86.ActiveCfg = Debug|Any CPU
		{8F81C22D-2854-4CCF-95A9-7081F912E183}.Debug|x86.Build.0 = Debug|Any CPU
		{8F81C22D-2854-4CCF-95A9-7081F912E183}.Release|Any CPU.ActiveCfg = Release|Any CPU
		{8F81C22D-2854-4CCF-95A9-7081F912E183}.Release|Any CPU.Build.0 = Release|Any CPU
		{8F81C22D-2854-4CCF-95A9-7081F912E183}.Release|x64.ActiveCfg = Release|Any CPU
		{8F81C22D-2854-4CCF-95A9-7081F912E183}.Release|x64.Build.0 = Release|Any CPU
		{8F81C22D-2854-4CCF-95A9-7081F912E183}.Release|x86.ActiveCfg = Release|Any CPU
		{8F81C22D-2854-4CCF-95A9-7081F912E183}.Release|x86.Build.0 = Release|Any CPU
	EndGlobalSection
	GlobalSection(SolutionProperties) = preSolution
		HideSolutionNode = FALSE
	EndGlobalSection
	GlobalSection(NestedProjects) = preSolution
		{42B1C359-BBE9-4B65-91F4-498A4795290D} = {A8A24A6F-5BCA-4E8E-B40D-5A098215357D}
		{01E3F85F-F3ED-49F4-BD82-25BC1982ECBD} = {A8A24A6F-5BCA-4E8E-B40D-5A098215357D}
		{8F81C22D-2854-4CCF-95A9-7081F912E183} = {A8A24A6F-5BCA-4E8E-B40D-5A098215357D}
	EndGlobalSection
	GlobalSection(ExtensibilityGlobals) = postSolution
		SolutionGuid = {52ECBF56-61EC-49CD-AA27-B5A65D19F2D8}
	EndGlobalSection
EndGlobal
