
Microsoft Visual Studio Solution File, Format Version 12.00
# Visual Studio Version 17
VisualStudioVersion = 17.2.32630.192
MinimumVisualStudioVersion = 10.0.40219.1
Project("{FAE04EC0-301F-11D3-BF4B-00C04F79EFBC}") = "R5T.D0103.A001", "R5T.D0103.A001\R5T.D0103.A001.csproj", "{A79F914B-F209-42FD-83FC-9BB0AE08274F}"
EndProject
Project("{FAE04EC0-301F-11D3-BF4B-00C04F79EFBC}") = "R5T.D0103.I001", "R5T.D0103.I001\R5T.D0103.I001.csproj", "{513414C0-C87B-4354-AA3A-C4D9A49F2716}"
EndProject
Project("{FAE04EC0-301F-11D3-BF4B-00C04F79EFBC}") = "R5T.D0103.Base", "R5T.D0103.Base\R5T.D0103.Base.csproj", "{3C8A2EC7-4301-4B2F-934C-FB791A29A0A3}"
EndProject
Project("{2150E333-8FDC-42A3-9474-1A3956D46DE8}") = "_Dependencies", "_Dependencies", "{7620DE98-CD6B-4401-91E3-C25EEAEE938B}"
EndProject
Project("{FAE04EC0-301F-11D3-BF4B-00C04F79EFBC}") = "R5T.Dacia.Extensions", "..\..\R5T.Dacia.Extensions\source\R5T.Dacia.Extensions\R5T.Dacia.Extensions.csproj", "{9E1DF4D6-099D-4CD8-AD37-97F855C963F8}"
EndProject
Project("{FAE04EC0-301F-11D3-BF4B-00C04F79EFBC}") = "R5T.Dacia.T002", "..\..\R5T.Dacia\source\R5T.Dacia.T002\R5T.Dacia.T002.csproj", "{C8C16480-28A3-4C1B-9482-A4DF70D4F370}"
EndProject
Project("{FAE04EC0-301F-11D3-BF4B-00C04F79EFBC}") = "R5T.T0064", "..\..\R5T.T0064\source\R5T.T0064\R5T.T0064.csproj", "{C37370FA-453E-42D4-ABA4-56D035088228}"
EndProject
Project("{9A19103F-16F7-4668-BE54-9A1E7A4F7556}") = "R5T.Dacia", "..\..\R5T.Dacia\source\R5T.Dacia\R5T.Dacia.csproj", "{A627BD47-BF33-4F46-BDA6-05DA908F3716}"
EndProject
Project("{9A19103F-16F7-4668-BE54-9A1E7A4F7556}") = "R5T.L0013", "..\..\R5T.L0013\source\R5T.L0013\R5T.L0013.csproj", "{0136EEA3-FA0D-4749-831C-F3C8F4D07E42}"
EndProject
Project("{9A19103F-16F7-4668-BE54-9A1E7A4F7556}") = "R5T.Magyar", "..\..\R5T.Magyar\source\R5T.Magyar\R5T.Magyar.csproj", "{CA591509-F859-40DA-9CFE-0A9DFA02011F}"
EndProject
Project("{9A19103F-16F7-4668-BE54-9A1E7A4F7556}") = "R5T.T0039.T002", "..\..\R5T.T0039\source\R5T.T0039.T002\R5T.T0039.T002.csproj", "{8910C559-D57D-4B83-AF3C-E273B0B56DA3}"
EndProject
Project("{9A19103F-16F7-4668-BE54-9A1E7A4F7556}") = "R5T.T0062.X001", "..\..\R5T.T0062\source\R5T.T0062.X001\R5T.T0062.X001.csproj", "{EF9BCC02-E06B-49BC-8442-AA82481688F3}"
EndProject
Project("{9A19103F-16F7-4668-BE54-9A1E7A4F7556}") = "R5T.T0062", "..\..\R5T.T0062\source\R5T.T0062\R5T.T0062.csproj", "{E9AA4C2F-FF65-4BF4-BFB3-7B147E69A7FF}"
EndProject
Project("{9A19103F-16F7-4668-BE54-9A1E7A4F7556}") = "R5T.T0063", "..\..\R5T.T0063\source\R5T.T0063\R5T.T0063.csproj", "{42F70C3C-4495-49E1-9572-777E8D80E345}"
EndProject
Project("{9A19103F-16F7-4668-BE54-9A1E7A4F7556}") = "R5T.T0064.T001", "..\..\R5T.T0064\source\R5T.T0064.T001\R5T.T0064.T001.csproj", "{205BCABB-0611-4CA7-961A-7A9985A43F2B}"
EndProject
Project("{9A19103F-16F7-4668-BE54-9A1E7A4F7556}") = "R5T.T0143", "..\..\R5T.T0143\source\R5T.T0143\R5T.T0143.csproj", "{1871CB64-C053-41D7-A239-EBE426CBF90D}"
EndProject
Global
	GlobalSection(NestedProjects) = preSolution
		{9E1DF4D6-099D-4CD8-AD37-97F855C963F8} = {7620DE98-CD6B-4401-91E3-C25EEAEE938B}
		{C8C16480-28A3-4C1B-9482-A4DF70D4F370} = {7620DE98-CD6B-4401-91E3-C25EEAEE938B}
		{C37370FA-453E-42D4-ABA4-56D035088228} = {7620DE98-CD6B-4401-91E3-C25EEAEE938B}
		{A627BD47-BF33-4F46-BDA6-05DA908F3716} = {7620DE98-CD6B-4401-91E3-C25EEAEE938B}
		{0136EEA3-FA0D-4749-831C-F3C8F4D07E42} = {7620DE98-CD6B-4401-91E3-C25EEAEE938B}
		{CA591509-F859-40DA-9CFE-0A9DFA02011F} = {7620DE98-CD6B-4401-91E3-C25EEAEE938B}
		{8910C559-D57D-4B83-AF3C-E273B0B56DA3} = {7620DE98-CD6B-4401-91E3-C25EEAEE938B}
		{EF9BCC02-E06B-49BC-8442-AA82481688F3} = {7620DE98-CD6B-4401-91E3-C25EEAEE938B}
		{E9AA4C2F-FF65-4BF4-BFB3-7B147E69A7FF} = {7620DE98-CD6B-4401-91E3-C25EEAEE938B}
		{42F70C3C-4495-49E1-9572-777E8D80E345} = {7620DE98-CD6B-4401-91E3-C25EEAEE938B}
		{205BCABB-0611-4CA7-961A-7A9985A43F2B} = {7620DE98-CD6B-4401-91E3-C25EEAEE938B}
		{1871CB64-C053-41D7-A239-EBE426CBF90D} = {7620DE98-CD6B-4401-91E3-C25EEAEE938B}
	EndGlobalSection
	GlobalSection(SolutionConfigurationPlatforms) = preSolution
		Debug|Any CPU = Debug|Any CPU
		Debug|x64 = Debug|x64
		Debug|x86 = Debug|x86
		Release|Any CPU = Release|Any CPU
		Release|x64 = Release|x64
		Release|x86 = Release|x86
	EndGlobalSection
	GlobalSection(ProjectConfigurationPlatforms) = postSolution
		{A79F914B-F209-42FD-83FC-9BB0AE08274F}.Debug|Any CPU.ActiveCfg = Debug|Any CPU
		{A79F914B-F209-42FD-83FC-9BB0AE08274F}.Debug|Any CPU.Build.0 = Debug|Any CPU
		{A79F914B-F209-42FD-83FC-9BB0AE08274F}.Debug|x64.ActiveCfg = Debug|Any CPU
		{A79F914B-F209-42FD-83FC-9BB0AE08274F}.Debug|x64.Build.0 = Debug|Any CPU
		{A79F914B-F209-42FD-83FC-9BB0AE08274F}.Debug|x86.ActiveCfg = Debug|Any CPU
		{A79F914B-F209-42FD-83FC-9BB0AE08274F}.Debug|x86.Build.0 = Debug|Any CPU
		{A79F914B-F209-42FD-83FC-9BB0AE08274F}.Release|Any CPU.ActiveCfg = Release|Any CPU
		{A79F914B-F209-42FD-83FC-9BB0AE08274F}.Release|Any CPU.Build.0 = Release|Any CPU
		{A79F914B-F209-42FD-83FC-9BB0AE08274F}.Release|x64.ActiveCfg = Release|Any CPU
		{A79F914B-F209-42FD-83FC-9BB0AE08274F}.Release|x64.Build.0 = Release|Any CPU
		{A79F914B-F209-42FD-83FC-9BB0AE08274F}.Release|x86.ActiveCfg = Release|Any CPU
		{A79F914B-F209-42FD-83FC-9BB0AE08274F}.Release|x86.Build.0 = Release|Any CPU
		{513414C0-C87B-4354-AA3A-C4D9A49F2716}.Debug|Any CPU.ActiveCfg = Debug|Any CPU
		{513414C0-C87B-4354-AA3A-C4D9A49F2716}.Debug|Any CPU.Build.0 = Debug|Any CPU
		{513414C0-C87B-4354-AA3A-C4D9A49F2716}.Debug|x64.ActiveCfg = Debug|Any CPU
		{513414C0-C87B-4354-AA3A-C4D9A49F2716}.Debug|x64.Build.0 = Debug|Any CPU
		{513414C0-C87B-4354-AA3A-C4D9A49F2716}.Debug|x86.ActiveCfg = Debug|Any CPU
		{513414C0-C87B-4354-AA3A-C4D9A49F2716}.Debug|x86.Build.0 = Debug|Any CPU
		{513414C0-C87B-4354-AA3A-C4D9A49F2716}.Release|Any CPU.ActiveCfg = Release|Any CPU
		{513414C0-C87B-4354-AA3A-C4D9A49F2716}.Release|Any CPU.Build.0 = Release|Any CPU
		{513414C0-C87B-4354-AA3A-C4D9A49F2716}.Release|x64.ActiveCfg = Release|Any CPU
		{513414C0-C87B-4354-AA3A-C4D9A49F2716}.Release|x64.Build.0 = Release|Any CPU
		{513414C0-C87B-4354-AA3A-C4D9A49F2716}.Release|x86.ActiveCfg = Release|Any CPU
		{513414C0-C87B-4354-AA3A-C4D9A49F2716}.Release|x86.Build.0 = Release|Any CPU
		{3C8A2EC7-4301-4B2F-934C-FB791A29A0A3}.Debug|Any CPU.ActiveCfg = Debug|Any CPU
		{3C8A2EC7-4301-4B2F-934C-FB791A29A0A3}.Debug|Any CPU.Build.0 = Debug|Any CPU
		{3C8A2EC7-4301-4B2F-934C-FB791A29A0A3}.Debug|x64.ActiveCfg = Debug|Any CPU
		{3C8A2EC7-4301-4B2F-934C-FB791A29A0A3}.Debug|x64.Build.0 = Debug|Any CPU
		{3C8A2EC7-4301-4B2F-934C-FB791A29A0A3}.Debug|x86.ActiveCfg = Debug|Any CPU
		{3C8A2EC7-4301-4B2F-934C-FB791A29A0A3}.Debug|x86.Build.0 = Debug|Any CPU
		{3C8A2EC7-4301-4B2F-934C-FB791A29A0A3}.Release|Any CPU.ActiveCfg = Release|Any CPU
		{3C8A2EC7-4301-4B2F-934C-FB791A29A0A3}.Release|Any CPU.Build.0 = Release|Any CPU
		{3C8A2EC7-4301-4B2F-934C-FB791A29A0A3}.Release|x64.ActiveCfg = Release|Any CPU
		{3C8A2EC7-4301-4B2F-934C-FB791A29A0A3}.Release|x64.Build.0 = Release|Any CPU
		{3C8A2EC7-4301-4B2F-934C-FB791A29A0A3}.Release|x86.ActiveCfg = Release|Any CPU
		{3C8A2EC7-4301-4B2F-934C-FB791A29A0A3}.Release|x86.Build.0 = Release|Any CPU
		{9E1DF4D6-099D-4CD8-AD37-97F855C963F8}.Debug|Any CPU.ActiveCfg = Debug|Any CPU
		{9E1DF4D6-099D-4CD8-AD37-97F855C963F8}.Debug|Any CPU.Build.0 = Debug|Any CPU
		{9E1DF4D6-099D-4CD8-AD37-97F855C963F8}.Debug|x64.ActiveCfg = Debug|Any CPU
		{9E1DF4D6-099D-4CD8-AD37-97F855C963F8}.Debug|x64.Build.0 = Debug|Any CPU
		{9E1DF4D6-099D-4CD8-AD37-97F855C963F8}.Debug|x86.ActiveCfg = Debug|Any CPU
		{9E1DF4D6-099D-4CD8-AD37-97F855C963F8}.Debug|x86.Build.0 = Debug|Any CPU
		{9E1DF4D6-099D-4CD8-AD37-97F855C963F8}.Release|Any CPU.ActiveCfg = Release|Any CPU
		{9E1DF4D6-099D-4CD8-AD37-97F855C963F8}.Release|Any CPU.Build.0 = Release|Any CPU
		{9E1DF4D6-099D-4CD8-AD37-97F855C963F8}.Release|x64.ActiveCfg = Release|Any CPU
		{9E1DF4D6-099D-4CD8-AD37-97F855C963F8}.Release|x64.Build.0 = Release|Any CPU
		{9E1DF4D6-099D-4CD8-AD37-97F855C963F8}.Release|x86.ActiveCfg = Release|Any CPU
		{9E1DF4D6-099D-4CD8-AD37-97F855C963F8}.Release|x86.Build.0 = Release|Any CPU
		{C8C16480-28A3-4C1B-9482-A4DF70D4F370}.Debug|Any CPU.ActiveCfg = Debug|Any CPU
		{C8C16480-28A3-4C1B-9482-A4DF70D4F370}.Debug|Any CPU.Build.0 = Debug|Any CPU
		{C8C16480-28A3-4C1B-9482-A4DF70D4F370}.Debug|x64.ActiveCfg = Debug|Any CPU
		{C8C16480-28A3-4C1B-9482-A4DF70D4F370}.Debug|x64.Build.0 = Debug|Any CPU
		{C8C16480-28A3-4C1B-9482-A4DF70D4F370}.Debug|x86.ActiveCfg = Debug|Any CPU
		{C8C16480-28A3-4C1B-9482-A4DF70D4F370}.Debug|x86.Build.0 = Debug|Any CPU
		{C8C16480-28A3-4C1B-9482-A4DF70D4F370}.Release|Any CPU.ActiveCfg = Release|Any CPU
		{C8C16480-28A3-4C1B-9482-A4DF70D4F370}.Release|Any CPU.Build.0 = Release|Any CPU
		{C8C16480-28A3-4C1B-9482-A4DF70D4F370}.Release|x64.ActiveCfg = Release|Any CPU
		{C8C16480-28A3-4C1B-9482-A4DF70D4F370}.Release|x64.Build.0 = Release|Any CPU
		{C8C16480-28A3-4C1B-9482-A4DF70D4F370}.Release|x86.ActiveCfg = Release|Any CPU
		{C8C16480-28A3-4C1B-9482-A4DF70D4F370}.Release|x86.Build.0 = Release|Any CPU
		{C37370FA-453E-42D4-ABA4-56D035088228}.Debug|Any CPU.ActiveCfg = Debug|Any CPU
		{C37370FA-453E-42D4-ABA4-56D035088228}.Debug|Any CPU.Build.0 = Debug|Any CPU
		{C37370FA-453E-42D4-ABA4-56D035088228}.Debug|x64.ActiveCfg = Debug|Any CPU
		{C37370FA-453E-42D4-ABA4-56D035088228}.Debug|x64.Build.0 = Debug|Any CPU
		{C37370FA-453E-42D4-ABA4-56D035088228}.Debug|x86.ActiveCfg = Debug|Any CPU
		{C37370FA-453E-42D4-ABA4-56D035088228}.Debug|x86.Build.0 = Debug|Any CPU
		{C37370FA-453E-42D4-ABA4-56D035088228}.Release|Any CPU.ActiveCfg = Release|Any CPU
		{C37370FA-453E-42D4-ABA4-56D035088228}.Release|Any CPU.Build.0 = Release|Any CPU
		{C37370FA-453E-42D4-ABA4-56D035088228}.Release|x64.ActiveCfg = Release|Any CPU
		{C37370FA-453E-42D4-ABA4-56D035088228}.Release|x64.Build.0 = Release|Any CPU
		{C37370FA-453E-42D4-ABA4-56D035088228}.Release|x86.ActiveCfg = Release|Any CPU
		{C37370FA-453E-42D4-ABA4-56D035088228}.Release|x86.Build.0 = Release|Any CPU
		{A627BD47-BF33-4F46-BDA6-05DA908F3716}.Debug|Any CPU.ActiveCfg = Debug|Any CPU
		{A627BD47-BF33-4F46-BDA6-05DA908F3716}.Debug|Any CPU.Build.0 = Debug|Any CPU
		{A627BD47-BF33-4F46-BDA6-05DA908F3716}.Debug|x64.ActiveCfg = Debug|Any CPU
		{A627BD47-BF33-4F46-BDA6-05DA908F3716}.Debug|x64.Build.0 = Debug|Any CPU
		{A627BD47-BF33-4F46-BDA6-05DA908F3716}.Debug|x86.ActiveCfg = Debug|Any CPU
		{A627BD47-BF33-4F46-BDA6-05DA908F3716}.Debug|x86.Build.0 = Debug|Any CPU
		{A627BD47-BF33-4F46-BDA6-05DA908F3716}.Release|Any CPU.ActiveCfg = Release|Any CPU
		{A627BD47-BF33-4F46-BDA6-05DA908F3716}.Release|Any CPU.Build.0 = Release|Any CPU
		{A627BD47-BF33-4F46-BDA6-05DA908F3716}.Release|x64.ActiveCfg = Release|Any CPU
		{A627BD47-BF33-4F46-BDA6-05DA908F3716}.Release|x64.Build.0 = Release|Any CPU
		{A627BD47-BF33-4F46-BDA6-05DA908F3716}.Release|x86.ActiveCfg = Release|Any CPU
		{A627BD47-BF33-4F46-BDA6-05DA908F3716}.Release|x86.Build.0 = Release|Any CPU
		{0136EEA3-FA0D-4749-831C-F3C8F4D07E42}.Debug|Any CPU.ActiveCfg = Debug|Any CPU
		{0136EEA3-FA0D-4749-831C-F3C8F4D07E42}.Debug|Any CPU.Build.0 = Debug|Any CPU
		{0136EEA3-FA0D-4749-831C-F3C8F4D07E42}.Debug|x64.ActiveCfg = Debug|Any CPU
		{0136EEA3-FA0D-4749-831C-F3C8F4D07E42}.Debug|x64.Build.0 = Debug|Any CPU
		{0136EEA3-FA0D-4749-831C-F3C8F4D07E42}.Debug|x86.ActiveCfg = Debug|Any CPU
		{0136EEA3-FA0D-4749-831C-F3C8F4D07E42}.Debug|x86.Build.0 = Debug|Any CPU
		{0136EEA3-FA0D-4749-831C-F3C8F4D07E42}.Release|Any CPU.ActiveCfg = Release|Any CPU
		{0136EEA3-FA0D-4749-831C-F3C8F4D07E42}.Release|Any CPU.Build.0 = Release|Any CPU
		{0136EEA3-FA0D-4749-831C-F3C8F4D07E42}.Release|x64.ActiveCfg = Release|Any CPU
		{0136EEA3-FA0D-4749-831C-F3C8F4D07E42}.Release|x64.Build.0 = Release|Any CPU
		{0136EEA3-FA0D-4749-831C-F3C8F4D07E42}.Release|x86.ActiveCfg = Release|Any CPU
		{0136EEA3-FA0D-4749-831C-F3C8F4D07E42}.Release|x86.Build.0 = Release|Any CPU
		{CA591509-F859-40DA-9CFE-0A9DFA02011F}.Debug|Any CPU.ActiveCfg = Debug|Any CPU
		{CA591509-F859-40DA-9CFE-0A9DFA02011F}.Debug|Any CPU.Build.0 = Debug|Any CPU
		{CA591509-F859-40DA-9CFE-0A9DFA02011F}.Debug|x64.ActiveCfg = Debug|Any CPU
		{CA591509-F859-40DA-9CFE-0A9DFA02011F}.Debug|x64.Build.0 = Debug|Any CPU
		{CA591509-F859-40DA-9CFE-0A9DFA02011F}.Debug|x86.ActiveCfg = Debug|Any CPU
		{CA591509-F859-40DA-9CFE-0A9DFA02011F}.Debug|x86.Build.0 = Debug|Any CPU
		{CA591509-F859-40DA-9CFE-0A9DFA02011F}.Release|Any CPU.ActiveCfg = Release|Any CPU
		{CA591509-F859-40DA-9CFE-0A9DFA02011F}.Release|Any CPU.Build.0 = Release|Any CPU
		{CA591509-F859-40DA-9CFE-0A9DFA02011F}.Release|x64.ActiveCfg = Release|Any CPU
		{CA591509-F859-40DA-9CFE-0A9DFA02011F}.Release|x64.Build.0 = Release|Any CPU
		{CA591509-F859-40DA-9CFE-0A9DFA02011F}.Release|x86.ActiveCfg = Release|Any CPU
		{CA591509-F859-40DA-9CFE-0A9DFA02011F}.Release|x86.Build.0 = Release|Any CPU
		{8910C559-D57D-4B83-AF3C-E273B0B56DA3}.Debug|Any CPU.ActiveCfg = Debug|Any CPU
		{8910C559-D57D-4B83-AF3C-E273B0B56DA3}.Debug|Any CPU.Build.0 = Debug|Any CPU
		{8910C559-D57D-4B83-AF3C-E273B0B56DA3}.Debug|x64.ActiveCfg = Debug|Any CPU
		{8910C559-D57D-4B83-AF3C-E273B0B56DA3}.Debug|x64.Build.0 = Debug|Any CPU
		{8910C559-D57D-4B83-AF3C-E273B0B56DA3}.Debug|x86.ActiveCfg = Debug|Any CPU
		{8910C559-D57D-4B83-AF3C-E273B0B56DA3}.Debug|x86.Build.0 = Debug|Any CPU
		{8910C559-D57D-4B83-AF3C-E273B0B56DA3}.Release|Any CPU.ActiveCfg = Release|Any CPU
		{8910C559-D57D-4B83-AF3C-E273B0B56DA3}.Release|Any CPU.Build.0 = Release|Any CPU
		{8910C559-D57D-4B83-AF3C-E273B0B56DA3}.Release|x64.ActiveCfg = Release|Any CPU
		{8910C559-D57D-4B83-AF3C-E273B0B56DA3}.Release|x64.Build.0 = Release|Any CPU
		{8910C559-D57D-4B83-AF3C-E273B0B56DA3}.Release|x86.ActiveCfg = Release|Any CPU
		{8910C559-D57D-4B83-AF3C-E273B0B56DA3}.Release|x86.Build.0 = Release|Any CPU
		{EF9BCC02-E06B-49BC-8442-AA82481688F3}.Debug|Any CPU.ActiveCfg = Debug|Any CPU
		{EF9BCC02-E06B-49BC-8442-AA82481688F3}.Debug|Any CPU.Build.0 = Debug|Any CPU
		{EF9BCC02-E06B-49BC-8442-AA82481688F3}.Debug|x64.ActiveCfg = Debug|Any CPU
		{EF9BCC02-E06B-49BC-8442-AA82481688F3}.Debug|x64.Build.0 = Debug|Any CPU
		{EF9BCC02-E06B-49BC-8442-AA82481688F3}.Debug|x86.ActiveCfg = Debug|Any CPU
		{EF9BCC02-E06B-49BC-8442-AA82481688F3}.Debug|x86.Build.0 = Debug|Any CPU
		{EF9BCC02-E06B-49BC-8442-AA82481688F3}.Release|Any CPU.ActiveCfg = Release|Any CPU
		{EF9BCC02-E06B-49BC-8442-AA82481688F3}.Release|Any CPU.Build.0 = Release|Any CPU
		{EF9BCC02-E06B-49BC-8442-AA82481688F3}.Release|x64.ActiveCfg = Release|Any CPU
		{EF9BCC02-E06B-49BC-8442-AA82481688F3}.Release|x64.Build.0 = Release|Any CPU
		{EF9BCC02-E06B-49BC-8442-AA82481688F3}.Release|x86.ActiveCfg = Release|Any CPU
		{EF9BCC02-E06B-49BC-8442-AA82481688F3}.Release|x86.Build.0 = Release|Any CPU
		{E9AA4C2F-FF65-4BF4-BFB3-7B147E69A7FF}.Debug|Any CPU.ActiveCfg = Debug|Any CPU
		{E9AA4C2F-FF65-4BF4-BFB3-7B147E69A7FF}.Debug|Any CPU.Build.0 = Debug|Any CPU
		{E9AA4C2F-FF65-4BF4-BFB3-7B147E69A7FF}.Debug|x64.ActiveCfg = Debug|Any CPU
		{E9AA4C2F-FF65-4BF4-BFB3-7B147E69A7FF}.Debug|x64.Build.0 = Debug|Any CPU
		{E9AA4C2F-FF65-4BF4-BFB3-7B147E69A7FF}.Debug|x86.ActiveCfg = Debug|Any CPU
		{E9AA4C2F-FF65-4BF4-BFB3-7B147E69A7FF}.Debug|x86.Build.0 = Debug|Any CPU
		{E9AA4C2F-FF65-4BF4-BFB3-7B147E69A7FF}.Release|Any CPU.ActiveCfg = Release|Any CPU
		{E9AA4C2F-FF65-4BF4-BFB3-7B147E69A7FF}.Release|Any CPU.Build.0 = Release|Any CPU
		{E9AA4C2F-FF65-4BF4-BFB3-7B147E69A7FF}.Release|x64.ActiveCfg = Release|Any CPU
		{E9AA4C2F-FF65-4BF4-BFB3-7B147E69A7FF}.Release|x64.Build.0 = Release|Any CPU
		{E9AA4C2F-FF65-4BF4-BFB3-7B147E69A7FF}.Release|x86.ActiveCfg = Release|Any CPU
		{E9AA4C2F-FF65-4BF4-BFB3-7B147E69A7FF}.Release|x86.Build.0 = Release|Any CPU
		{42F70C3C-4495-49E1-9572-777E8D80E345}.Debug|Any CPU.ActiveCfg = Debug|Any CPU
		{42F70C3C-4495-49E1-9572-777E8D80E345}.Debug|Any CPU.Build.0 = Debug|Any CPU
		{42F70C3C-4495-49E1-9572-777E8D80E345}.Debug|x64.ActiveCfg = Debug|Any CPU
		{42F70C3C-4495-49E1-9572-777E8D80E345}.Debug|x64.Build.0 = Debug|Any CPU
		{42F70C3C-4495-49E1-9572-777E8D80E345}.Debug|x86.ActiveCfg = Debug|Any CPU
		{42F70C3C-4495-49E1-9572-777E8D80E345}.Debug|x86.Build.0 = Debug|Any CPU
		{42F70C3C-4495-49E1-9572-777E8D80E345}.Release|Any CPU.ActiveCfg = Release|Any CPU
		{42F70C3C-4495-49E1-9572-777E8D80E345}.Release|Any CPU.Build.0 = Release|Any CPU
		{42F70C3C-4495-49E1-9572-777E8D80E345}.Release|x64.ActiveCfg = Release|Any CPU
		{42F70C3C-4495-49E1-9572-777E8D80E345}.Release|x64.Build.0 = Release|Any CPU
		{42F70C3C-4495-49E1-9572-777E8D80E345}.Release|x86.ActiveCfg = Release|Any CPU
		{42F70C3C-4495-49E1-9572-777E8D80E345}.Release|x86.Build.0 = Release|Any CPU
		{205BCABB-0611-4CA7-961A-7A9985A43F2B}.Debug|Any CPU.ActiveCfg = Debug|Any CPU
		{205BCABB-0611-4CA7-961A-7A9985A43F2B}.Debug|Any CPU.Build.0 = Debug|Any CPU
		{205BCABB-0611-4CA7-961A-7A9985A43F2B}.Debug|x64.ActiveCfg = Debug|Any CPU
		{205BCABB-0611-4CA7-961A-7A9985A43F2B}.Debug|x64.Build.0 = Debug|Any CPU
		{205BCABB-0611-4CA7-961A-7A9985A43F2B}.Debug|x86.ActiveCfg = Debug|Any CPU
		{205BCABB-0611-4CA7-961A-7A9985A43F2B}.Debug|x86.Build.0 = Debug|Any CPU
		{205BCABB-0611-4CA7-961A-7A9985A43F2B}.Release|Any CPU.ActiveCfg = Release|Any CPU
		{205BCABB-0611-4CA7-961A-7A9985A43F2B}.Release|Any CPU.Build.0 = Release|Any CPU
		{205BCABB-0611-4CA7-961A-7A9985A43F2B}.Release|x64.ActiveCfg = Release|Any CPU
		{205BCABB-0611-4CA7-961A-7A9985A43F2B}.Release|x64.Build.0 = Release|Any CPU
		{205BCABB-0611-4CA7-961A-7A9985A43F2B}.Release|x86.ActiveCfg = Release|Any CPU
		{205BCABB-0611-4CA7-961A-7A9985A43F2B}.Release|x86.Build.0 = Release|Any CPU
		{1871CB64-C053-41D7-A239-EBE426CBF90D}.Debug|Any CPU.ActiveCfg = Debug|Any CPU
		{1871CB64-C053-41D7-A239-EBE426CBF90D}.Debug|Any CPU.Build.0 = Debug|Any CPU
		{1871CB64-C053-41D7-A239-EBE426CBF90D}.Debug|x64.ActiveCfg = Debug|Any CPU
		{1871CB64-C053-41D7-A239-EBE426CBF90D}.Debug|x64.Build.0 = Debug|Any CPU
		{1871CB64-C053-41D7-A239-EBE426CBF90D}.Debug|x86.ActiveCfg = Debug|Any CPU
		{1871CB64-C053-41D7-A239-EBE426CBF90D}.Debug|x86.Build.0 = Debug|Any CPU
		{1871CB64-C053-41D7-A239-EBE426CBF90D}.Release|Any CPU.ActiveCfg = Release|Any CPU
		{1871CB64-C053-41D7-A239-EBE426CBF90D}.Release|Any CPU.Build.0 = Release|Any CPU
		{1871CB64-C053-41D7-A239-EBE426CBF90D}.Release|x64.ActiveCfg = Release|Any CPU
		{1871CB64-C053-41D7-A239-EBE426CBF90D}.Release|x64.Build.0 = Release|Any CPU
		{1871CB64-C053-41D7-A239-EBE426CBF90D}.Release|x86.ActiveCfg = Release|Any CPU
		{1871CB64-C053-41D7-A239-EBE426CBF90D}.Release|x86.Build.0 = Release|Any CPU
	EndGlobalSection
	GlobalSection(SolutionProperties) = preSolution
		HideSolutionNode = FALSE
	EndGlobalSection
EndGlobal
