
Microsoft Visual Studio Solution File, Format Version 12.00
# Visual Studio Version 16
VisualStudioVersion = 16.6.30114.105
MinimumVisualStudioVersion = 10.0.40219.1
Project("{FAE04EC0-301F-11D3-BF4B-00C04F79EFBC}") = "R5T.D0103.Construction", "R5T.D0103.Construction\R5T.D0103.Construction.csproj", "{106525FA-196F-473D-8A5F-F83F87A11EAD}"
EndProject
Project("{2150E333-8FDC-42A3-9474-1A3956D46DE8}") = "_Dependencies", "_Dependencies", "{C622F22A-2FA4-4DE6-AF29-0B3DB6C78ADD}"
EndProject
Project("{FAE04EC0-301F-11D3-BF4B-00C04F79EFBC}") = "R5T.Plymouth.ProgramAsAService", "..\..\R5T.Plymouth\source\R5T.Plymouth.ProgramAsAService\R5T.Plymouth.ProgramAsAService.csproj", "{CB3F4F4B-B116-4890-BAD0-6AA3A71681E9}"
EndProject
Project("{FAE04EC0-301F-11D3-BF4B-00C04F79EFBC}") = "R5T.T0027.T009", "..\..\R5T.T0027\source\R5T.T0027.T009\R5T.T0027.T009.csproj", "{FB1C48C9-3739-4155-9AAE-03CA824BA5DE}"
EndProject
Project("{FAE04EC0-301F-11D3-BF4B-00C04F79EFBC}") = "R5T.D0103.I001", "R5T.D0103.I001\R5T.D0103.I001.csproj", "{8075664C-7BE9-4738-926C-E9723BA4E444}"
EndProject
Project("{FAE04EC0-301F-11D3-BF4B-00C04F79EFBC}") = "R5T.D0103.Base", "R5T.D0103.Base\R5T.D0103.Base.csproj", "{C9C7FD36-052F-41EB-A663-8A87FC494138}"
EndProject
Project("{FAE04EC0-301F-11D3-BF4B-00C04F79EFBC}") = "R5T.Dacia.Extensions", "..\..\R5T.Dacia.Extensions\source\R5T.Dacia.Extensions\R5T.Dacia.Extensions.csproj", "{6A49356E-E109-46AF-B234-FA4545702938}"
EndProject
Project("{FAE04EC0-301F-11D3-BF4B-00C04F79EFBC}") = "R5T.Dacia.T002", "..\..\R5T.Dacia\source\R5T.Dacia.T002\R5T.Dacia.T002.csproj", "{CE161D86-E831-4F95-B6D5-E09C2DA86692}"
EndProject
Project("{FAE04EC0-301F-11D3-BF4B-00C04F79EFBC}") = "R5T.T0064", "..\..\R5T.T0064\source\R5T.T0064\R5T.T0064.csproj", "{95D735FF-BA6B-40D5-91F2-B88F17C8CD55}"
EndProject
Global
	GlobalSection(SolutionConfigurationPlatforms) = preSolution
		Debug|Any CPU = Debug|Any CPU
		Debug|x64 = Debug|x64
		Debug|x86 = Debug|x86
		Release|Any CPU = Release|Any CPU
		Release|x64 = Release|x64
		Release|x86 = Release|x86
	EndGlobalSection
	GlobalSection(SolutionProperties) = preSolution
		HideSolutionNode = FALSE
	EndGlobalSection
	GlobalSection(ProjectConfigurationPlatforms) = postSolution
		{106525FA-196F-473D-8A5F-F83F87A11EAD}.Debug|Any CPU.ActiveCfg = Debug|Any CPU
		{106525FA-196F-473D-8A5F-F83F87A11EAD}.Debug|Any CPU.Build.0 = Debug|Any CPU
		{106525FA-196F-473D-8A5F-F83F87A11EAD}.Debug|x64.ActiveCfg = Debug|Any CPU
		{106525FA-196F-473D-8A5F-F83F87A11EAD}.Debug|x64.Build.0 = Debug|Any CPU
		{106525FA-196F-473D-8A5F-F83F87A11EAD}.Debug|x86.ActiveCfg = Debug|Any CPU
		{106525FA-196F-473D-8A5F-F83F87A11EAD}.Debug|x86.Build.0 = Debug|Any CPU
		{106525FA-196F-473D-8A5F-F83F87A11EAD}.Release|Any CPU.ActiveCfg = Release|Any CPU
		{106525FA-196F-473D-8A5F-F83F87A11EAD}.Release|Any CPU.Build.0 = Release|Any CPU
		{106525FA-196F-473D-8A5F-F83F87A11EAD}.Release|x64.ActiveCfg = Release|Any CPU
		{106525FA-196F-473D-8A5F-F83F87A11EAD}.Release|x64.Build.0 = Release|Any CPU
		{106525FA-196F-473D-8A5F-F83F87A11EAD}.Release|x86.ActiveCfg = Release|Any CPU
		{106525FA-196F-473D-8A5F-F83F87A11EAD}.Release|x86.Build.0 = Release|Any CPU
		{CB3F4F4B-B116-4890-BAD0-6AA3A71681E9}.Debug|Any CPU.ActiveCfg = Debug|Any CPU
		{CB3F4F4B-B116-4890-BAD0-6AA3A71681E9}.Debug|Any CPU.Build.0 = Debug|Any CPU
		{CB3F4F4B-B116-4890-BAD0-6AA3A71681E9}.Debug|x64.ActiveCfg = Debug|Any CPU
		{CB3F4F4B-B116-4890-BAD0-6AA3A71681E9}.Debug|x64.Build.0 = Debug|Any CPU
		{CB3F4F4B-B116-4890-BAD0-6AA3A71681E9}.Debug|x86.ActiveCfg = Debug|Any CPU
		{CB3F4F4B-B116-4890-BAD0-6AA3A71681E9}.Debug|x86.Build.0 = Debug|Any CPU
		{CB3F4F4B-B116-4890-BAD0-6AA3A71681E9}.Release|Any CPU.ActiveCfg = Release|Any CPU
		{CB3F4F4B-B116-4890-BAD0-6AA3A71681E9}.Release|Any CPU.Build.0 = Release|Any CPU
		{CB3F4F4B-B116-4890-BAD0-6AA3A71681E9}.Release|x64.ActiveCfg = Release|Any CPU
		{CB3F4F4B-B116-4890-BAD0-6AA3A71681E9}.Release|x64.Build.0 = Release|Any CPU
		{CB3F4F4B-B116-4890-BAD0-6AA3A71681E9}.Release|x86.ActiveCfg = Release|Any CPU
		{CB3F4F4B-B116-4890-BAD0-6AA3A71681E9}.Release|x86.Build.0 = Release|Any CPU
		{FB1C48C9-3739-4155-9AAE-03CA824BA5DE}.Debug|Any CPU.ActiveCfg = Debug|Any CPU
		{FB1C48C9-3739-4155-9AAE-03CA824BA5DE}.Debug|Any CPU.Build.0 = Debug|Any CPU
		{FB1C48C9-3739-4155-9AAE-03CA824BA5DE}.Debug|x64.ActiveCfg = Debug|Any CPU
		{FB1C48C9-3739-4155-9AAE-03CA824BA5DE}.Debug|x64.Build.0 = Debug|Any CPU
		{FB1C48C9-3739-4155-9AAE-03CA824BA5DE}.Debug|x86.ActiveCfg = Debug|Any CPU
		{FB1C48C9-3739-4155-9AAE-03CA824BA5DE}.Debug|x86.Build.0 = Debug|Any CPU
		{FB1C48C9-3739-4155-9AAE-03CA824BA5DE}.Release|Any CPU.ActiveCfg = Release|Any CPU
		{FB1C48C9-3739-4155-9AAE-03CA824BA5DE}.Release|Any CPU.Build.0 = Release|Any CPU
		{FB1C48C9-3739-4155-9AAE-03CA824BA5DE}.Release|x64.ActiveCfg = Release|Any CPU
		{FB1C48C9-3739-4155-9AAE-03CA824BA5DE}.Release|x64.Build.0 = Release|Any CPU
		{FB1C48C9-3739-4155-9AAE-03CA824BA5DE}.Release|x86.ActiveCfg = Release|Any CPU
		{FB1C48C9-3739-4155-9AAE-03CA824BA5DE}.Release|x86.Build.0 = Release|Any CPU
		{8075664C-7BE9-4738-926C-E9723BA4E444}.Debug|Any CPU.ActiveCfg = Debug|Any CPU
		{8075664C-7BE9-4738-926C-E9723BA4E444}.Debug|Any CPU.Build.0 = Debug|Any CPU
		{8075664C-7BE9-4738-926C-E9723BA4E444}.Debug|x64.ActiveCfg = Debug|Any CPU
		{8075664C-7BE9-4738-926C-E9723BA4E444}.Debug|x64.Build.0 = Debug|Any CPU
		{8075664C-7BE9-4738-926C-E9723BA4E444}.Debug|x86.ActiveCfg = Debug|Any CPU
		{8075664C-7BE9-4738-926C-E9723BA4E444}.Debug|x86.Build.0 = Debug|Any CPU
		{8075664C-7BE9-4738-926C-E9723BA4E444}.Release|Any CPU.ActiveCfg = Release|Any CPU
		{8075664C-7BE9-4738-926C-E9723BA4E444}.Release|Any CPU.Build.0 = Release|Any CPU
		{8075664C-7BE9-4738-926C-E9723BA4E444}.Release|x64.ActiveCfg = Release|Any CPU
		{8075664C-7BE9-4738-926C-E9723BA4E444}.Release|x64.Build.0 = Release|Any CPU
		{8075664C-7BE9-4738-926C-E9723BA4E444}.Release|x86.ActiveCfg = Release|Any CPU
		{8075664C-7BE9-4738-926C-E9723BA4E444}.Release|x86.Build.0 = Release|Any CPU
		{C9C7FD36-052F-41EB-A663-8A87FC494138}.Debug|Any CPU.ActiveCfg = Debug|Any CPU
		{C9C7FD36-052F-41EB-A663-8A87FC494138}.Debug|Any CPU.Build.0 = Debug|Any CPU
		{C9C7FD36-052F-41EB-A663-8A87FC494138}.Debug|x64.ActiveCfg = Debug|Any CPU
		{C9C7FD36-052F-41EB-A663-8A87FC494138}.Debug|x64.Build.0 = Debug|Any CPU
		{C9C7FD36-052F-41EB-A663-8A87FC494138}.Debug|x86.ActiveCfg = Debug|Any CPU
		{C9C7FD36-052F-41EB-A663-8A87FC494138}.Debug|x86.Build.0 = Debug|Any CPU
		{C9C7FD36-052F-41EB-A663-8A87FC494138}.Release|Any CPU.ActiveCfg = Release|Any CPU
		{C9C7FD36-052F-41EB-A663-8A87FC494138}.Release|Any CPU.Build.0 = Release|Any CPU
		{C9C7FD36-052F-41EB-A663-8A87FC494138}.Release|x64.ActiveCfg = Release|Any CPU
		{C9C7FD36-052F-41EB-A663-8A87FC494138}.Release|x64.Build.0 = Release|Any CPU
		{C9C7FD36-052F-41EB-A663-8A87FC494138}.Release|x86.ActiveCfg = Release|Any CPU
		{C9C7FD36-052F-41EB-A663-8A87FC494138}.Release|x86.Build.0 = Release|Any CPU
		{6A49356E-E109-46AF-B234-FA4545702938}.Debug|Any CPU.ActiveCfg = Debug|Any CPU
		{6A49356E-E109-46AF-B234-FA4545702938}.Debug|Any CPU.Build.0 = Debug|Any CPU
		{6A49356E-E109-46AF-B234-FA4545702938}.Debug|x64.ActiveCfg = Debug|Any CPU
		{6A49356E-E109-46AF-B234-FA4545702938}.Debug|x64.Build.0 = Debug|Any CPU
		{6A49356E-E109-46AF-B234-FA4545702938}.Debug|x86.ActiveCfg = Debug|Any CPU
		{6A49356E-E109-46AF-B234-FA4545702938}.Debug|x86.Build.0 = Debug|Any CPU
		{6A49356E-E109-46AF-B234-FA4545702938}.Release|Any CPU.ActiveCfg = Release|Any CPU
		{6A49356E-E109-46AF-B234-FA4545702938}.Release|Any CPU.Build.0 = Release|Any CPU
		{6A49356E-E109-46AF-B234-FA4545702938}.Release|x64.ActiveCfg = Release|Any CPU
		{6A49356E-E109-46AF-B234-FA4545702938}.Release|x64.Build.0 = Release|Any CPU
		{6A49356E-E109-46AF-B234-FA4545702938}.Release|x86.ActiveCfg = Release|Any CPU
		{6A49356E-E109-46AF-B234-FA4545702938}.Release|x86.Build.0 = Release|Any CPU
		{CE161D86-E831-4F95-B6D5-E09C2DA86692}.Debug|Any CPU.ActiveCfg = Debug|Any CPU
		{CE161D86-E831-4F95-B6D5-E09C2DA86692}.Debug|Any CPU.Build.0 = Debug|Any CPU
		{CE161D86-E831-4F95-B6D5-E09C2DA86692}.Debug|x64.ActiveCfg = Debug|Any CPU
		{CE161D86-E831-4F95-B6D5-E09C2DA86692}.Debug|x64.Build.0 = Debug|Any CPU
		{CE161D86-E831-4F95-B6D5-E09C2DA86692}.Debug|x86.ActiveCfg = Debug|Any CPU
		{CE161D86-E831-4F95-B6D5-E09C2DA86692}.Debug|x86.Build.0 = Debug|Any CPU
		{CE161D86-E831-4F95-B6D5-E09C2DA86692}.Release|Any CPU.ActiveCfg = Release|Any CPU
		{CE161D86-E831-4F95-B6D5-E09C2DA86692}.Release|Any CPU.Build.0 = Release|Any CPU
		{CE161D86-E831-4F95-B6D5-E09C2DA86692}.Release|x64.ActiveCfg = Release|Any CPU
		{CE161D86-E831-4F95-B6D5-E09C2DA86692}.Release|x64.Build.0 = Release|Any CPU
		{CE161D86-E831-4F95-B6D5-E09C2DA86692}.Release|x86.ActiveCfg = Release|Any CPU
		{CE161D86-E831-4F95-B6D5-E09C2DA86692}.Release|x86.Build.0 = Release|Any CPU
		{95D735FF-BA6B-40D5-91F2-B88F17C8CD55}.Debug|Any CPU.ActiveCfg = Debug|Any CPU
		{95D735FF-BA6B-40D5-91F2-B88F17C8CD55}.Debug|Any CPU.Build.0 = Debug|Any CPU
		{95D735FF-BA6B-40D5-91F2-B88F17C8CD55}.Debug|x64.ActiveCfg = Debug|Any CPU
		{95D735FF-BA6B-40D5-91F2-B88F17C8CD55}.Debug|x64.Build.0 = Debug|Any CPU
		{95D735FF-BA6B-40D5-91F2-B88F17C8CD55}.Debug|x86.ActiveCfg = Debug|Any CPU
		{95D735FF-BA6B-40D5-91F2-B88F17C8CD55}.Debug|x86.Build.0 = Debug|Any CPU
		{95D735FF-BA6B-40D5-91F2-B88F17C8CD55}.Release|Any CPU.ActiveCfg = Release|Any CPU
		{95D735FF-BA6B-40D5-91F2-B88F17C8CD55}.Release|Any CPU.Build.0 = Release|Any CPU
		{95D735FF-BA6B-40D5-91F2-B88F17C8CD55}.Release|x64.ActiveCfg = Release|Any CPU
		{95D735FF-BA6B-40D5-91F2-B88F17C8CD55}.Release|x64.Build.0 = Release|Any CPU
		{95D735FF-BA6B-40D5-91F2-B88F17C8CD55}.Release|x86.ActiveCfg = Release|Any CPU
		{95D735FF-BA6B-40D5-91F2-B88F17C8CD55}.Release|x86.Build.0 = Release|Any CPU
	EndGlobalSection
	GlobalSection(NestedProjects) = preSolution
		{CB3F4F4B-B116-4890-BAD0-6AA3A71681E9} = {C622F22A-2FA4-4DE6-AF29-0B3DB6C78ADD}
		{FB1C48C9-3739-4155-9AAE-03CA824BA5DE} = {C622F22A-2FA4-4DE6-AF29-0B3DB6C78ADD}
		{6A49356E-E109-46AF-B234-FA4545702938} = {C622F22A-2FA4-4DE6-AF29-0B3DB6C78ADD}
		{CE161D86-E831-4F95-B6D5-E09C2DA86692} = {C622F22A-2FA4-4DE6-AF29-0B3DB6C78ADD}
		{95D735FF-BA6B-40D5-91F2-B88F17C8CD55} = {C622F22A-2FA4-4DE6-AF29-0B3DB6C78ADD}
	EndGlobalSection
EndGlobal
